
Microsoft Visual Studio Solution File, Format Version 12.00
# Visual Studio 14
VisualStudioVersion = 14.0.25420.1
MinimumVisualStudioVersion = 10.0.40219.1
Project("{FAE04EC0-301F-11D3-BF4B-00C04F79EFBC}") = "RayTracing", "RayTracing\RayTracing.csproj", "{8506DC50-7DEF-4452-A43E-C410F5D99CF6}"
EndProject
Project("{FAE04EC0-301F-11D3-BF4B-00C04F79EFBC}") = "RayTracingTest", "RayTracingTest\RayTracingTest.csproj", "{FC017AE7-0B40-4087-BE05-38D8B1308A45}"
EndProject
Global
	GlobalSection(SolutionConfigurationPlatforms) = preSolution
		Debug|Any CPU = Debug|Any CPU
		Release|Any CPU = Release|Any CPU
	EndGlobalSection
	GlobalSection(ProjectConfigurationPlatforms) = postSolution
		{8506DC50-7DEF-4452-A43E-C410F5D99CF6}.Debug|Any CPU.ActiveCfg = Debug|Any CPU
		{8506DC50-7DEF-4452-A43E-C410F5D99CF6}.Debug|Any CPU.Build.0 = Debug|Any CPU
		{8506DC50-7DEF-4452-A43E-C410F5D99CF6}.Release|Any CPU.ActiveCfg = Release|Any CPU
		{8506DC50-7DEF-4452-A43E-C410F5D99CF6}.Release|Any CPU.Build.0 = Release|Any CPU
		{FC017AE7-0B40-4087-BE05-38D8B1308A45}.Debug|Any CPU.ActiveCfg = Debug|Any CPU
		{FC017AE7-0B40-4087-BE05-38D8B1308A45}.Debug|Any CPU.Build.0 = Debug|Any CPU
		{FC017AE7-0B40-4087-BE05-38D8B1308A45}.Release|Any CPU.ActiveCfg = Release|Any CPU
		{FC017AE7-0B40-4087-BE05-38D8B1308A45}.Release|Any CPU.Build.0 = Release|Any CPU
	EndGlobalSection
	GlobalSection(SolutionProperties) = preSolution
		HideSolutionNode = FALSE
	EndGlobalSection
EndGlobal
